
Microsoft Visual Studio Solution File, Format Version 12.00
# Visual Studio Version 17
VisualStudioVersion = 17.3.32922.545
MinimumVisualStudioVersion = 10.0.40219.1
Project("{FAE04EC0-301F-11D3-BF4B-00C04F79EFBC}") = "RUN", "RUN\RUN.csproj", "{88B062A4-C1C4-4D9E-96EB-D1951D3343D0}"
EndProject
Global
	GlobalSection(SolutionConfigurationPlatforms) = preSolution
		Debug|Any CPU = Debug|Any CPU
		Release|Any CPU = Release|Any CPU
	EndGlobalSection
	GlobalSection(ProjectConfigurationPlatforms) = postSolution
		{88B062A4-C1C4-4D9E-96EB-D1951D3343D0}.Debug|Any CPU.ActiveCfg = Debug|Any CPU
		{88B062A4-C1C4-4D9E-96EB-D1951D3343D0}.Debug|Any CPU.Build.0 = Debug|Any CPU
		{88B062A4-C1C4-4D9E-96EB-D1951D3343D0}.Release|Any CPU.ActiveCfg = Release|Any CPU
		{88B062A4-C1C4-4D9E-96EB-D1951D3343D0}.Release|Any CPU.Build.0 = Release|Any CPU
	EndGlobalSection
	GlobalSection(SolutionProperties) = preSolution
		HideSolutionNode = FALSE
	EndGlobalSection
	GlobalSection(ExtensibilityGlobals) = postSolution
		SolutionGuid = {46AA9A20-F587-48D0-9166-9B1A9C72A190}
	EndGlobalSection
EndGlobal
